
Microsoft Visual Studio Solution File, Format Version 12.00
# Visual Studio Version 17
VisualStudioVersion = 17.8.34525.116
MinimumVisualStudioVersion = 10.0.40219.1
Project("{8BC9CEB8-8B4A-11D0-8D11-00A0C91BC942}") = "Amalgam", "Amalgam\Amalgam.vcxproj", "{2550C133-72A8-4AF7-B22A-A8012BD9F376}"
	ProjectSection(ProjectDependencies) = postProject
		{94E0DA6C-F15C-416A-8992-5B067095F474} = {94E0DA6C-F15C-416A-8992-5B067095F474}
	EndProjectSection
EndProject
Project("{8BC9CEB8-8B4A-11D0-8D11-00A0C91BC942}") = "AmalgamLoader", "AmalgamLoader\src\AmalgamLoader.vcxproj", "{94E0DA6C-F15C-416A-8992-5B067095F474}"
EndProject
Global
	GlobalSection(SolutionConfigurationPlatforms) = preSolution
		ReleaseFreetypeAVX2|x64 = ReleaseFreetypeAVX2|x64
	EndGlobalSection
	GlobalSection(ProjectConfigurationPlatforms) = postSolution
		{2550C133-72A8-4AF7-B22A-A8012BD9F376}.ReleaseFreetypeAVX2|x64.ActiveCfg = ReleaseFreetypeAVX2|x64
		{2550C133-72A8-4AF7-B22A-A8012BD9F376}.ReleaseFreetypeAVX2|x64.Build.0 = ReleaseFreetypeAVX2|x64
		{94E0DA6C-F15C-416A-8992-5B067095F474}.ReleaseFreetypeAVX2|x64.ActiveCfg = Release|x64
		{94E0DA6C-F15C-416A-8992-5B067095F474}.ReleaseFreetypeAVX2|x64.Build.0 = Release|x64
	EndGlobalSection
	GlobalSection(SolutionProperties) = preSolution
		HideSolutionNode = FALSE
	EndGlobalSection
	GlobalSection(ExtensibilityGlobals) = postSolution
		SolutionGuid = {5E35C5DE-7694-4637-AC86-EF5BEB5B0763}
	EndGlobalSection
EndGlobal
